// !$*UTF8*$!
{
	archiveVersion = 1;
	classes = {
	};
	objectVersion = 56;
	objects = {

/* Begin PBXBuildFile section */
		022C96AF2B332CC900B6A4C4 /* codestats_menuApp.swift in Sources */ = {isa = PBXBuildFile; fileRef = 022C96AE2B332CC900B6A4C4 /* codestats_menuApp.swift */; };
		022C96B32B332CCA00B6A4C4 /* Assets.xcassets in Resources */ = {isa = PBXBuildFile; fileRef = 022C96B22B332CCA00B6A4C4 /* Assets.xcassets */; };
		022C96B62B332CCA00B6A4C4 /* Preview Assets.xcassets in Resources */ = {isa = PBXBuildFile; fileRef = 022C96B52B332CCA00B6A4C4 /* Preview Assets.xcassets */; };
		02BBBB022B404847007FFD5D /* PreferencesRootView.swift in Sources */ = {isa = PBXBuildFile; fileRef = 02BBBB012B404847007FFD5D /* PreferencesRootView.swift */; };
		02BBBB042B4056BF007FFD5D /* AboutView.swift in Sources */ = {isa = PBXBuildFile; fileRef = 02BBBB032B4056BF007FFD5D /* AboutView.swift */; };
		02BBBB062B405707007FFD5D /* PreferencesView.swift in Sources */ = {isa = PBXBuildFile; fileRef = 02BBBB052B405707007FFD5D /* PreferencesView.swift */; };
		02BBBB0B2B421A5E007FFD5D /* MenuBarScene.swift in Sources */ = {isa = PBXBuildFile; fileRef = 02BBBB0A2B421A5E007FFD5D /* MenuBarScene.swift */; };
		02BBBB0D2B421A83007FFD5D /* TotalXPLabel.swift in Sources */ = {isa = PBXBuildFile; fileRef = 02BBBB0C2B421A83007FFD5D /* TotalXPLabel.swift */; };
		02BBBB102B421D44007FFD5D /* DataFetcher.swift in Sources */ = {isa = PBXBuildFile; fileRef = 02BBBB0F2B421D44007FFD5D /* DataFetcher.swift */; };
		02BBBB122B422661007FFD5D /* AppPreferences.swift in Sources */ = {isa = PBXBuildFile; fileRef = 02BBBB112B422661007FFD5D /* AppPreferences.swift */; };
/* End PBXBuildFile section */

/* Begin PBXFileReference section */
		022C96AB2B332CC900B6A4C4 /* codestats-menu.app */ = {isa = PBXFileReference; explicitFileType = wrapper.application; includeInIndex = 0; path = "codestats-menu.app"; sourceTree = BUILT_PRODUCTS_DIR; };
		022C96AE2B332CC900B6A4C4 /* codestats_menuApp.swift */ = {isa = PBXFileReference; lastKnownFileType = sourcecode.swift; path = codestats_menuApp.swift; sourceTree = "<group>"; };
		022C96B22B332CCA00B6A4C4 /* Assets.xcassets */ = {isa = PBXFileReference; lastKnownFileType = folder.assetcatalog; path = Assets.xcassets; sourceTree = "<group>"; };
		022C96B52B332CCA00B6A4C4 /* Preview Assets.xcassets */ = {isa = PBXFileReference; lastKnownFileType = folder.assetcatalog; path = "Preview Assets.xcassets"; sourceTree = "<group>"; };
		022C96B72B332CCA00B6A4C4 /* codestats_menu.entitlements */ = {isa = PBXFileReference; lastKnownFileType = text.plist.entitlements; path = codestats_menu.entitlements; sourceTree = "<group>"; };
		02BBBB012B404847007FFD5D /* PreferencesRootView.swift */ = {isa = PBXFileReference; lastKnownFileType = sourcecode.swift; path = PreferencesRootView.swift; sourceTree = "<group>"; };
		02BBBB032B4056BF007FFD5D /* AboutView.swift */ = {isa = PBXFileReference; lastKnownFileType = sourcecode.swift; path = AboutView.swift; sourceTree = "<group>"; };
		02BBBB052B405707007FFD5D /* PreferencesView.swift */ = {isa = PBXFileReference; lastKnownFileType = sourcecode.swift; path = PreferencesView.swift; sourceTree = "<group>"; };
		02BBBB0A2B421A5E007FFD5D /* MenuBarScene.swift */ = {isa = PBXFileReference; lastKnownFileType = sourcecode.swift; path = MenuBarScene.swift; sourceTree = "<group>"; };
		02BBBB0C2B421A83007FFD5D /* TotalXPLabel.swift */ = {isa = PBXFileReference; lastKnownFileType = sourcecode.swift; path = TotalXPLabel.swift; sourceTree = "<group>"; };
		02BBBB0F2B421D44007FFD5D /* DataFetcher.swift */ = {isa = PBXFileReference; lastKnownFileType = sourcecode.swift; path = DataFetcher.swift; sourceTree = "<group>"; };
		02BBBB112B422661007FFD5D /* AppPreferences.swift */ = {isa = PBXFileReference; lastKnownFileType = sourcecode.swift; path = AppPreferences.swift; sourceTree = "<group>"; };
/* End PBXFileReference section */

/* Begin PBXFrameworksBuildPhase section */
		022C96A82B332CC900B6A4C4 /* Frameworks */ = {
			isa = PBXFrameworksBuildPhase;
			buildActionMask = 2147483647;
			files = (
			);
			runOnlyForDeploymentPostprocessing = 0;
		};
/* End PBXFrameworksBuildPhase section */

/* Begin PBXGroup section */
		022C96A22B332CC900B6A4C4 = {
			isa = PBXGroup;
			children = (
				022C96AD2B332CC900B6A4C4 /* codestats-menu */,
				022C96AC2B332CC900B6A4C4 /* Products */,
			);
			sourceTree = "<group>";
		};
		022C96AC2B332CC900B6A4C4 /* Products */ = {
			isa = PBXGroup;
			children = (
				022C96AB2B332CC900B6A4C4 /* codestats-menu.app */,
			);
			name = Products;
			sourceTree = "<group>";
		};
		022C96AD2B332CC900B6A4C4 /* codestats-menu */ = {
			isa = PBXGroup;
			children = (
				02BBBB132B423812007FFD5D /* Presentation */,
				02BBBB0E2B421A93007FFD5D /* Application */,
				022C96AE2B332CC900B6A4C4 /* codestats_menuApp.swift */,
				022C96B22B332CCA00B6A4C4 /* Assets.xcassets */,
				022C96B72B332CCA00B6A4C4 /* codestats_menu.entitlements */,
				022C96B42B332CCA00B6A4C4 /* Preview Content */,
			);
			path = "codestats-menu";
			sourceTree = "<group>";
		};
		022C96B42B332CCA00B6A4C4 /* Preview Content */ = {
			isa = PBXGroup;
			children = (
				022C96B52B332CCA00B6A4C4 /* Preview Assets.xcassets */,
			);
			path = "Preview Content";
			sourceTree = "<group>";
		};
		02BBBB082B421062007FFD5D /* PreferencesView */ = {
			isa = PBXGroup;
			children = (
				02BBBB012B404847007FFD5D /* PreferencesRootView.swift */,
				02BBBB032B4056BF007FFD5D /* AboutView.swift */,
				02BBBB052B405707007FFD5D /* PreferencesView.swift */,
			);
			path = PreferencesView;
			sourceTree = "<group>";
		};
		02BBBB092B421A4A007FFD5D /* MenuBarScene */ = {
			isa = PBXGroup;
			children = (
				02BBBB0A2B421A5E007FFD5D /* MenuBarScene.swift */,
				02BBBB0C2B421A83007FFD5D /* TotalXPLabel.swift */,
			);
			path = MenuBarScene;
			sourceTree = "<group>";
		};
		02BBBB0E2B421A93007FFD5D /* Application */ = {
			isa = PBXGroup;
			children = (
				02BBBB0F2B421D44007FFD5D /* DataFetcher.swift */,
				02BBBB112B422661007FFD5D /* AppPreferences.swift */,
			);
			path = Application;
			sourceTree = "<group>";
		};
		02BBBB132B423812007FFD5D /* Presentation */ = {
			isa = PBXGroup;
			children = (
				02BBBB092B421A4A007FFD5D /* MenuBarScene */,
				02BBBB082B421062007FFD5D /* PreferencesView */,
			);
			path = Presentation;
			sourceTree = "<group>";
		};
/* End PBXGroup section */

/* Begin PBXNativeTarget section */
		022C96AA2B332CC900B6A4C4 /* codestats-menu */ = {
			isa = PBXNativeTarget;
			buildConfigurationList = 022C96BA2B332CCA00B6A4C4 /* Build configuration list for PBXNativeTarget "codestats-menu" */;
			buildPhases = (
				022C96A72B332CC900B6A4C4 /* Sources */,
				022C96A82B332CC900B6A4C4 /* Frameworks */,
				022C96A92B332CC900B6A4C4 /* Resources */,
			);
			buildRules = (
			);
			dependencies = (
			);
			name = "codestats-menu";
			productName = "codestats-menu";
			productReference = 022C96AB2B332CC900B6A4C4 /* codestats-menu.app */;
			productType = "com.apple.product-type.application";
		};
/* End PBXNativeTarget section */

/* Begin PBXProject section */
		022C96A32B332CC900B6A4C4 /* Project object */ = {
			isa = PBXProject;
			attributes = {
				BuildIndependentTargetsInParallel = 1;
				LastSwiftUpdateCheck = 1500;
				LastUpgradeCheck = 1500;
				TargetAttributes = {
					022C96AA2B332CC900B6A4C4 = {
						CreatedOnToolsVersion = 15.0.1;
					};
				};
			};
			buildConfigurationList = 022C96A62B332CC900B6A4C4 /* Build configuration list for PBXProject "codestats-menu" */;
			compatibilityVersion = "Xcode 14.0";
			developmentRegion = en;
			hasScannedForEncodings = 0;
			knownRegions = (
				en,
				Base,
			);
			mainGroup = 022C96A22B332CC900B6A4C4;
			productRefGroup = 022C96AC2B332CC900B6A4C4 /* Products */;
			projectDirPath = "";
			projectRoot = "";
			targets = (
				022C96AA2B332CC900B6A4C4 /* codestats-menu */,
			);
		};
/* End PBXProject section */

/* Begin PBXResourcesBuildPhase section */
		022C96A92B332CC900B6A4C4 /* Resources */ = {
			isa = PBXResourcesBuildPhase;
			buildActionMask = 2147483647;
			files = (
				022C96B62B332CCA00B6A4C4 /* Preview Assets.xcassets in Resources */,
				022C96B32B332CCA00B6A4C4 /* Assets.xcassets in Resources */,
			);
			runOnlyForDeploymentPostprocessing = 0;
		};
/* End PBXResourcesBuildPhase section */

/* Begin PBXSourcesBuildPhase section */
		022C96A72B332CC900B6A4C4 /* Sources */ = {
			isa = PBXSourcesBuildPhase;
			buildActionMask = 2147483647;
			files = (
				02BBBB0B2B421A5E007FFD5D /* MenuBarScene.swift in Sources */,
				02BBBB102B421D44007FFD5D /* DataFetcher.swift in Sources */,
				02BBBB0D2B421A83007FFD5D /* TotalXPLabel.swift in Sources */,
				022C96AF2B332CC900B6A4C4 /* codestats_menuApp.swift in Sources */,
				02BBBB062B405707007FFD5D /* PreferencesView.swift in Sources */,
				02BBBB042B4056BF007FFD5D /* AboutView.swift in Sources */,
				02BBBB122B422661007FFD5D /* AppPreferences.swift in Sources */,
				02BBBB022B404847007FFD5D /* PreferencesRootView.swift in Sources */,
			);
			runOnlyForDeploymentPostprocessing = 0;
		};
/* End PBXSourcesBuildPhase section */

/* Begin XCBuildConfiguration section */
		022C96B82B332CCA00B6A4C4 /* Debug */ = {
			isa = XCBuildConfiguration;
			buildSettings = {
				ALWAYS_SEARCH_USER_PATHS = NO;
				ASSETCATALOG_COMPILER_GENERATE_SWIFT_ASSET_SYMBOL_EXTENSIONS = YES;
				CLANG_ANALYZER_NONNULL = YES;
				CLANG_ANALYZER_NUMBER_OBJECT_CONVERSION = YES_AGGRESSIVE;
				CLANG_CXX_LANGUAGE_STANDARD = "gnu++20";
				CLANG_ENABLE_MODULES = YES;
				CLANG_ENABLE_OBJC_ARC = YES;
				CLANG_ENABLE_OBJC_WEAK = YES;
				CLANG_WARN_BLOCK_CAPTURE_AUTORELEASING = YES;
				CLANG_WARN_BOOL_CONVERSION = YES;
				CLANG_WARN_COMMA = YES;
				CLANG_WARN_CONSTANT_CONVERSION = YES;
				CLANG_WARN_DEPRECATED_OBJC_IMPLEMENTATIONS = YES;
				CLANG_WARN_DIRECT_OBJC_ISA_USAGE = YES_ERROR;
				CLANG_WARN_DOCUMENTATION_COMMENTS = YES;
				CLANG_WARN_EMPTY_BODY = YES;
				CLANG_WARN_ENUM_CONVERSION = YES;
				CLANG_WARN_INFINITE_RECURSION = YES;
				CLANG_WARN_INT_CONVERSION = YES;
				CLANG_WARN_NON_LITERAL_NULL_CONVERSION = YES;
				CLANG_WARN_OBJC_IMPLICIT_RETAIN_SELF = YES;
				CLANG_WARN_OBJC_LITERAL_CONVERSION = YES;
				CLANG_WARN_OBJC_ROOT_CLASS = YES_ERROR;
				CLANG_WARN_QUOTED_INCLUDE_IN_FRAMEWORK_HEADER = YES;
				CLANG_WARN_RANGE_LOOP_ANALYSIS = YES;
				CLANG_WARN_STRICT_PROTOTYPES = YES;
				CLANG_WARN_SUSPICIOUS_MOVE = YES;
				CLANG_WARN_UNGUARDED_AVAILABILITY = YES_AGGRESSIVE;
				CLANG_WARN_UNREACHABLE_CODE = YES;
				CLANG_WARN__DUPLICATE_METHOD_MATCH = YES;
				COPY_PHASE_STRIP = NO;
				DEBUG_INFORMATION_FORMAT = dwarf;
				ENABLE_STRICT_OBJC_MSGSEND = YES;
				ENABLE_TESTABILITY = YES;
				ENABLE_USER_SCRIPT_SANDBOXING = YES;
				GCC_C_LANGUAGE_STANDARD = gnu17;
				GCC_DYNAMIC_NO_PIC = NO;
				GCC_NO_COMMON_BLOCKS = YES;
				GCC_OPTIMIZATION_LEVEL = 0;
				GCC_PREPROCESSOR_DEFINITIONS = (
					"DEBUG=1",
					"$(inherited)",
				);
				GCC_WARN_64_TO_32_BIT_CONVERSION = YES;
				GCC_WARN_ABOUT_RETURN_TYPE = YES_ERROR;
				GCC_WARN_UNDECLARED_SELECTOR = YES;
				GCC_WARN_UNINITIALIZED_AUTOS = YES_AGGRESSIVE;
				GCC_WARN_UNUSED_FUNCTION = YES;
				GCC_WARN_UNUSED_VARIABLE = YES;
				LOCALIZATION_PREFERS_STRING_CATALOGS = YES;
				MACOSX_DEPLOYMENT_TARGET = 14.0;
				MTL_ENABLE_DEBUG_INFO = INCLUDE_SOURCE;
				MTL_FAST_MATH = YES;
				ONLY_ACTIVE_ARCH = YES;
				SDKROOT = macosx;
				SWIFT_ACTIVE_COMPILATION_CONDITIONS = "DEBUG $(inherited)";
				SWIFT_OPTIMIZATION_LEVEL = "-Onone";
			};
			name = Debug;
		};
		022C96B92B332CCA00B6A4C4 /* Release */ = {
			isa = XCBuildConfiguration;
			buildSettings = {
				ALWAYS_SEARCH_USER_PATHS = NO;
				ASSETCATALOG_COMPILER_GENERATE_SWIFT_ASSET_SYMBOL_EXTENSIONS = YES;
				CLANG_ANALYZER_NONNULL = YES;
				CLANG_ANALYZER_NUMBER_OBJECT_CONVERSION = YES_AGGRESSIVE;
				CLANG_CXX_LANGUAGE_STANDARD = "gnu++20";
				CLANG_ENABLE_MODULES = YES;
				CLANG_ENABLE_OBJC_ARC = YES;
				CLANG_ENABLE_OBJC_WEAK = YES;
				CLANG_WARN_BLOCK_CAPTURE_AUTORELEASING = YES;
				CLANG_WARN_BOOL_CONVERSION = YES;
				CLANG_WARN_COMMA = YES;
				CLANG_WARN_CONSTANT_CONVERSION = YES;
				CLANG_WARN_DEPRECATED_OBJC_IMPLEMENTATIONS = YES;
				CLANG_WARN_DIRECT_OBJC_ISA_USAGE = YES_ERROR;
				CLANG_WARN_DOCUMENTATION_COMMENTS = YES;
				CLANG_WARN_EMPTY_BODY = YES;
				CLANG_WARN_ENUM_CONVERSION = YES;
				CLANG_WARN_INFINITE_RECURSION = YES;
				CLANG_WARN_INT_CONVERSION = YES;
				CLANG_WARN_NON_LITERAL_NULL_CONVERSION = YES;
				CLANG_WARN_OBJC_IMPLICIT_RETAIN_SELF = YES;
				CLANG_WARN_OBJC_LITERAL_CONVERSION = YES;
				CLANG_WARN_OBJC_ROOT_CLASS = YES_ERROR;
				CLANG_WARN_QUOTED_INCLUDE_IN_FRAMEWORK_HEADER = YES;
				CLANG_WARN_RANGE_LOOP_ANALYSIS = YES;
				CLANG_WARN_STRICT_PROTOTYPES = YES;
				CLANG_WARN_SUSPICIOUS_MOVE = YES;
				CLANG_WARN_UNGUARDED_AVAILABILITY = YES_AGGRESSIVE;
				CLANG_WARN_UNREACHABLE_CODE = YES;
				CLANG_WARN__DUPLICATE_METHOD_MATCH = YES;
				COPY_PHASE_STRIP = NO;
				DEBUG_INFORMATION_FORMAT = "dwarf-with-dsym";
				ENABLE_NS_ASSERTIONS = NO;
				ENABLE_STRICT_OBJC_MSGSEND = YES;
				ENABLE_USER_SCRIPT_SANDBOXING = YES;
				GCC_C_LANGUAGE_STANDARD = gnu17;
				GCC_NO_COMMON_BLOCKS = YES;
				GCC_WARN_64_TO_32_BIT_CONVERSION = YES;
				GCC_WARN_ABOUT_RETURN_TYPE = YES_ERROR;
				GCC_WARN_UNDECLARED_SELECTOR = YES;
				GCC_WARN_UNINITIALIZED_AUTOS = YES_AGGRESSIVE;
				GCC_WARN_UNUSED_FUNCTION = YES;
				GCC_WARN_UNUSED_VARIABLE = YES;
				LOCALIZATION_PREFERS_STRING_CATALOGS = YES;
				MACOSX_DEPLOYMENT_TARGET = 14.0;
				MTL_ENABLE_DEBUG_INFO = NO;
				MTL_FAST_MATH = YES;
				SDKROOT = macosx;
				SWIFT_COMPILATION_MODE = wholemodule;
			};
			name = Release;
		};
		022C96BB2B332CCA00B6A4C4 /* Debug */ = {
			isa = XCBuildConfiguration;
			buildSettings = {
				ASSETCATALOG_COMPILER_APPICON_NAME = AppIcon;
				ASSETCATALOG_COMPILER_GLOBAL_ACCENT_COLOR_NAME = AccentColor;
				CODE_SIGN_ENTITLEMENTS = "codestats-menu/codestats_menu.entitlements";
				CODE_SIGN_STYLE = Automatic;
				COMBINE_HIDPI_IMAGES = YES;
				CURRENT_PROJECT_VERSION = 1;
				DEVELOPMENT_ASSET_PATHS = "\"codestats-menu/Preview Content\"";
				DEVELOPMENT_TEAM = 82MV322Q6H;
				ENABLE_HARDENED_RUNTIME = YES;
				ENABLE_PREVIEWS = YES;
				GENERATE_INFOPLIST_FILE = YES;
				INFOPLIST_KEY_LSUIElement = YES;
				INFOPLIST_KEY_NSHumanReadableCopyright = "";
				LD_RUNPATH_SEARCH_PATHS = (
					"$(inherited)",
					"@executable_path/../Frameworks",
				);
				MACOSX_DEPLOYMENT_TARGET = 14.0;
				MARKETING_VERSION = 1.0;
				PRODUCT_BUNDLE_IDENTIFIER = "dev.fperson.codestats-menu";
				PRODUCT_NAME = "$(TARGET_NAME)";
				SWIFT_EMIT_LOC_STRINGS = YES;
				SWIFT_VERSION = 5.0;
			};
			name = Debug;
		};
		022C96BC2B332CCA00B6A4C4 /* Release */ = {
			isa = XCBuildConfiguration;
			buildSettings = {
				ASSETCATALOG_COMPILER_APPICON_NAME = AppIcon;
				ASSETCATALOG_COMPILER_GLOBAL_ACCENT_COLOR_NAME = AccentColor;
				CODE_SIGN_ENTITLEMENTS = "codestats-menu/codestats_menu.entitlements";
				CODE_SIGN_STYLE = Automatic;
				COMBINE_HIDPI_IMAGES = YES;
				CURRENT_PROJECT_VERSION = 1;
				DEVELOPMENT_ASSET_PATHS = "\"codestats-menu/Preview Content\"";
				DEVELOPMENT_TEAM = 82MV322Q6H;
				ENABLE_HARDENED_RUNTIME = YES;
				ENABLE_PREVIEWS = YES;
				GENERATE_INFOPLIST_FILE = YES;
				INFOPLIST_KEY_LSUIElement = YES;
				INFOPLIST_KEY_NSHumanReadableCopyright = "";
				LD_RUNPATH_SEARCH_PATHS = (
					"$(inherited)",
					"@executable_path/../Frameworks",
				);
				MACOSX_DEPLOYMENT_TARGET = 14.0;
				MARKETING_VERSION = 1.0;
				PRODUCT_BUNDLE_IDENTIFIER = "dev.fperson.codestats-menu";
				PRODUCT_NAME = "$(TARGET_NAME)";
				SWIFT_EMIT_LOC_STRINGS = YES;
				SWIFT_VERSION = 5.0;
			};
			name = Release;
		};
/* End XCBuildConfiguration section */

/* Begin XCConfigurationList section */
		022C96A62B332CC900B6A4C4 /* Build configuration list for PBXProject "codestats-menu" */ = {
			isa = XCConfigurationList;
			buildConfigurations = (
				022C96B82B332CCA00B6A4C4 /* Debug */,
				022C96B92B332CCA00B6A4C4 /* Release */,
			);
			defaultConfigurationIsVisible = 0;
			defaultConfigurationName = Release;
		};
		022C96BA2B332CCA00B6A4C4 /* Build configuration list for PBXNativeTarget "codestats-menu" */ = {
			isa = XCConfigurationList;
			buildConfigurations = (
				022C96BB2B332CCA00B6A4C4 /* Debug */,
				022C96BC2B332CCA00B6A4C4 /* Release */,
			);
			defaultConfigurationIsVisible = 0;
			defaultConfigurationName = Release;
		};
/* End XCConfigurationList section */
	};
	rootObject = 022C96A32B332CC900B6A4C4 /* Project object */;
}
